
Microsoft Visual Studio Solution File, Format Version 12.00
# Visual Studio 15
VisualStudioVersion = 15.0.28307.168
MinimumVisualStudioVersion = 10.0.40219.1
Project("{9A19103F-16F7-4668-BE54-9A1E7A4F7556}") = "DemoAPI", "DemoAPI\DemoAPI.csproj", "{FF7927C3-16AA-4FE9-A6DE-4DCBCF0303A0}"
EndProject
Project("{9A19103F-16F7-4668-BE54-9A1E7A4F7556}") = "Webshop.Data", "Webshop.Data\Webshop.Data.csproj", "{C8173157-08E0-4D0E-911A-14D347830902}"
EndProject
Project("{FAE04EC0-301F-11D3-BF4B-00C04F79EFBC}") = "Webshop.CLI", "Webshop.CLI\Webshop.CLI.csproj", "{5B60A991-83B1-4D76-BF72-49D814C63E9E}"
EndProject
Global
	GlobalSection(SolutionConfigurationPlatforms) = preSolution
		Debug|Any CPU = Debug|Any CPU
		Release|Any CPU = Release|Any CPU
	EndGlobalSection
	GlobalSection(ProjectConfigurationPlatforms) = postSolution
		{FF7927C3-16AA-4FE9-A6DE-4DCBCF0303A0}.Debug|Any CPU.ActiveCfg = Debug|Any CPU
		{FF7927C3-16AA-4FE9-A6DE-4DCBCF0303A0}.Debug|Any CPU.Build.0 = Debug|Any CPU
		{FF7927C3-16AA-4FE9-A6DE-4DCBCF0303A0}.Release|Any CPU.ActiveCfg = Release|Any CPU
		{FF7927C3-16AA-4FE9-A6DE-4DCBCF0303A0}.Release|Any CPU.Build.0 = Release|Any CPU
		{C8173157-08E0-4D0E-911A-14D347830902}.Debug|Any CPU.ActiveCfg = Debug|Any CPU
		{C8173157-08E0-4D0E-911A-14D347830902}.Debug|Any CPU.Build.0 = Debug|Any CPU
		{C8173157-08E0-4D0E-911A-14D347830902}.Release|Any CPU.ActiveCfg = Release|Any CPU
		{C8173157-08E0-4D0E-911A-14D347830902}.Release|Any CPU.Build.0 = Release|Any CPU
		{5B60A991-83B1-4D76-BF72-49D814C63E9E}.Debug|Any CPU.ActiveCfg = Debug|Any CPU
		{5B60A991-83B1-4D76-BF72-49D814C63E9E}.Debug|Any CPU.Build.0 = Debug|Any CPU
		{5B60A991-83B1-4D76-BF72-49D814C63E9E}.Release|Any CPU.ActiveCfg = Release|Any CPU
		{5B60A991-83B1-4D76-BF72-49D814C63E9E}.Release|Any CPU.Build.0 = Release|Any CPU
	EndGlobalSection
	GlobalSection(SolutionProperties) = preSolution
		HideSolutionNode = FALSE
	EndGlobalSection
	GlobalSection(ExtensibilityGlobals) = postSolution
		SolutionGuid = {77ECD7F7-856E-4346-9698-1F81486927CA}
	EndGlobalSection
EndGlobal
